// !$*UTF8*$!
{
	archiveVersion = 1;
	classes = {
	};
	objectVersion = 50;
	objects = {

/* Begin PBXBuildFile section */
		52749E8F2555472B00F2A669 /* Constants.swift in Sources */ = {isa = PBXBuildFile; fileRef = 52749E8E2555472B00F2A669 /* Constants.swift */; };
		52749E912555477400F2A669 /* Utility.swift in Sources */ = {isa = PBXBuildFile; fileRef = 52749E902555477400F2A669 /* Utility.swift */; };
		52749EA62555510E00F2A669 /* ListViewController.swift in Sources */ = {isa = PBXBuildFile; fileRef = 52749E9F2555510E00F2A669 /* ListViewController.swift */; };
		52749EA72555510E00F2A669 /* ListInteractor.swift in Sources */ = {isa = PBXBuildFile; fileRef = 52749EA02555510E00F2A669 /* ListInteractor.swift */; };
		52749EA82555510E00F2A669 /* ListPresenter.swift in Sources */ = {isa = PBXBuildFile; fileRef = 52749EA12555510E00F2A669 /* ListPresenter.swift */; };
		52749EA92555510E00F2A669 /* ListWorker.swift in Sources */ = {isa = PBXBuildFile; fileRef = 52749EA32555510E00F2A669 /* ListWorker.swift */; };
		52749EAA2555510E00F2A669 /* ListRouter.swift in Sources */ = {isa = PBXBuildFile; fileRef = 52749EA42555510E00F2A669 /* ListRouter.swift */; };
		52749EAB2555510E00F2A669 /* ListModels.swift in Sources */ = {isa = PBXBuildFile; fileRef = 52749EA52555510E00F2A669 /* ListModels.swift */; };
		52749EAD2555513700F2A669 /* ListTableViewCell.swift in Sources */ = {isa = PBXBuildFile; fileRef = 52749EAC2555513700F2A669 /* ListTableViewCell.swift */; };
		5288EC9325552D0500F3DABA /* AppDelegate.swift in Sources */ = {isa = PBXBuildFile; fileRef = 5288EC9225552D0500F3DABA /* AppDelegate.swift */; };
		5288EC9C25552D0900F3DABA /* Assets.xcassets in Resources */ = {isa = PBXBuildFile; fileRef = 5288EC9B25552D0900F3DABA /* Assets.xcassets */; };
		5288EC9F25552D0900F3DABA /* LaunchScreen.storyboard in Resources */ = {isa = PBXBuildFile; fileRef = 5288EC9D25552D0900F3DABA /* LaunchScreen.storyboard */; };
		5288ECAA25552D0A00F3DABA /* ListAppTests.swift in Sources */ = {isa = PBXBuildFile; fileRef = 5288ECA925552D0A00F3DABA /* ListAppTests.swift */; };
		5288ECB525552D0A00F3DABA /* ListAppUITests.swift in Sources */ = {isa = PBXBuildFile; fileRef = 5288ECB425552D0A00F3DABA /* ListAppUITests.swift */; };
/* End PBXBuildFile section */

/* Begin PBXContainerItemProxy section */
		5288ECA625552D0A00F3DABA /* PBXContainerItemProxy */ = {
			isa = PBXContainerItemProxy;
			containerPortal = 5288EC8725552D0500F3DABA /* Project object */;
			proxyType = 1;
			remoteGlobalIDString = 5288EC8E25552D0500F3DABA;
			remoteInfo = ListApp;
		};
		5288ECB125552D0A00F3DABA /* PBXContainerItemProxy */ = {
			isa = PBXContainerItemProxy;
			containerPortal = 5288EC8725552D0500F3DABA /* Project object */;
			proxyType = 1;
			remoteGlobalIDString = 5288EC8E25552D0500F3DABA;
			remoteInfo = ListApp;
		};
/* End PBXContainerItemProxy section */

/* Begin PBXFileReference section */
		52749E8E2555472B00F2A669 /* Constants.swift */ = {isa = PBXFileReference; lastKnownFileType = sourcecode.swift; path = Constants.swift; sourceTree = "<group>"; };
		52749E902555477400F2A669 /* Utility.swift */ = {isa = PBXFileReference; lastKnownFileType = sourcecode.swift; path = Utility.swift; sourceTree = "<group>"; };
		52749E9F2555510E00F2A669 /* ListViewController.swift */ = {isa = PBXFileReference; fileEncoding = 4; lastKnownFileType = sourcecode.swift; path = ListViewController.swift; sourceTree = "<group>"; };
		52749EA02555510E00F2A669 /* ListInteractor.swift */ = {isa = PBXFileReference; fileEncoding = 4; lastKnownFileType = sourcecode.swift; path = ListInteractor.swift; sourceTree = "<group>"; };
		52749EA12555510E00F2A669 /* ListPresenter.swift */ = {isa = PBXFileReference; fileEncoding = 4; lastKnownFileType = sourcecode.swift; path = ListPresenter.swift; sourceTree = "<group>"; };
		52749EA32555510E00F2A669 /* ListWorker.swift */ = {isa = PBXFileReference; fileEncoding = 4; lastKnownFileType = sourcecode.swift; path = ListWorker.swift; sourceTree = "<group>"; };
		52749EA42555510E00F2A669 /* ListRouter.swift */ = {isa = PBXFileReference; fileEncoding = 4; lastKnownFileType = sourcecode.swift; path = ListRouter.swift; sourceTree = "<group>"; };
		52749EA52555510E00F2A669 /* ListModels.swift */ = {isa = PBXFileReference; fileEncoding = 4; lastKnownFileType = sourcecode.swift; path = ListModels.swift; sourceTree = "<group>"; };
		52749EAC2555513700F2A669 /* ListTableViewCell.swift */ = {isa = PBXFileReference; lastKnownFileType = sourcecode.swift; path = ListTableViewCell.swift; sourceTree = "<group>"; };
		5288EC8F25552D0500F3DABA /* ListApp.app */ = {isa = PBXFileReference; explicitFileType = wrapper.application; includeInIndex = 0; path = ListApp.app; sourceTree = BUILT_PRODUCTS_DIR; };
		5288EC9225552D0500F3DABA /* AppDelegate.swift */ = {isa = PBXFileReference; lastKnownFileType = sourcecode.swift; path = AppDelegate.swift; sourceTree = "<group>"; };
		5288EC9B25552D0900F3DABA /* Assets.xcassets */ = {isa = PBXFileReference; lastKnownFileType = folder.assetcatalog; path = Assets.xcassets; sourceTree = "<group>"; };
		5288EC9E25552D0900F3DABA /* Base */ = {isa = PBXFileReference; lastKnownFileType = file.storyboard; name = Base; path = Base.lproj/LaunchScreen.storyboard; sourceTree = "<group>"; };
		5288ECA025552D0900F3DABA /* Info.plist */ = {isa = PBXFileReference; lastKnownFileType = text.plist.xml; path = Info.plist; sourceTree = "<group>"; };
		5288ECA525552D0A00F3DABA /* ListAppTests.xctest */ = {isa = PBXFileReference; explicitFileType = wrapper.cfbundle; includeInIndex = 0; path = ListAppTests.xctest; sourceTree = BUILT_PRODUCTS_DIR; };
		5288ECA925552D0A00F3DABA /* ListAppTests.swift */ = {isa = PBXFileReference; lastKnownFileType = sourcecode.swift; path = ListAppTests.swift; sourceTree = "<group>"; };
		5288ECAB25552D0A00F3DABA /* Info.plist */ = {isa = PBXFileReference; lastKnownFileType = text.plist.xml; path = Info.plist; sourceTree = "<group>"; };
		5288ECB025552D0A00F3DABA /* ListAppUITests.xctest */ = {isa = PBXFileReference; explicitFileType = wrapper.cfbundle; includeInIndex = 0; path = ListAppUITests.xctest; sourceTree = BUILT_PRODUCTS_DIR; };
		5288ECB425552D0A00F3DABA /* ListAppUITests.swift */ = {isa = PBXFileReference; lastKnownFileType = sourcecode.swift; path = ListAppUITests.swift; sourceTree = "<group>"; };
		5288ECB625552D0A00F3DABA /* Info.plist */ = {isa = PBXFileReference; lastKnownFileType = text.plist.xml; path = Info.plist; sourceTree = "<group>"; };
/* End PBXFileReference section */

/* Begin PBXFrameworksBuildPhase section */
		5288EC8C25552D0500F3DABA /* Frameworks */ = {
			isa = PBXFrameworksBuildPhase;
			buildActionMask = 2147483647;
			files = (
			);
			runOnlyForDeploymentPostprocessing = 0;
		};
		5288ECA225552D0A00F3DABA /* Frameworks */ = {
			isa = PBXFrameworksBuildPhase;
			buildActionMask = 2147483647;
			files = (
			);
			runOnlyForDeploymentPostprocessing = 0;
		};
		5288ECAD25552D0A00F3DABA /* Frameworks */ = {
			isa = PBXFrameworksBuildPhase;
			buildActionMask = 2147483647;
			files = (
			);
			runOnlyForDeploymentPostprocessing = 0;
		};
/* End PBXFrameworksBuildPhase section */

/* Begin PBXGroup section */
		52749E8C2555471400F2A669 /* Controllers */ = {
			isa = PBXGroup;
			children = (
				52749E9E2555510E00F2A669 /* ListController */,
			);
			path = Controllers;
			sourceTree = "<group>";
		};
		52749E8D2555471400F2A669 /* HelperClasses */ = {
			isa = PBXGroup;
			children = (
				52749E8E2555472B00F2A669 /* Constants.swift */,
				52749E902555477400F2A669 /* Utility.swift */,
			);
			path = HelperClasses;
			sourceTree = "<group>";
		};
		52749E9E2555510E00F2A669 /* ListController */ = {
			isa = PBXGroup;
			children = (
				52749E9F2555510E00F2A669 /* ListViewController.swift */,
				52749EA02555510E00F2A669 /* ListInteractor.swift */,
				52749EA12555510E00F2A669 /* ListPresenter.swift */,
				52749EA32555510E00F2A669 /* ListWorker.swift */,
				52749EA42555510E00F2A669 /* ListRouter.swift */,
				52749EA52555510E00F2A669 /* ListModels.swift */,
				52749EA22555510E00F2A669 /* ListCell */,
			);
			path = ListController;
			sourceTree = "<group>";
		};
		52749EA22555510E00F2A669 /* ListCell */ = {
			isa = PBXGroup;
			children = (
				52749EAC2555513700F2A669 /* ListTableViewCell.swift */,
			);
			path = ListCell;
			sourceTree = "<group>";
		};
		5288EC8625552D0500F3DABA = {
			isa = PBXGroup;
			children = (
				5288EC9125552D0500F3DABA /* ListApp */,
				5288ECA825552D0A00F3DABA /* ListAppTests */,
				5288ECB325552D0A00F3DABA /* ListAppUITests */,
				5288EC9025552D0500F3DABA /* Products */,
			);
			sourceTree = "<group>";
		};
		5288EC9025552D0500F3DABA /* Products */ = {
			isa = PBXGroup;
			children = (
				5288EC8F25552D0500F3DABA /* ListApp.app */,
				5288ECA525552D0A00F3DABA /* ListAppTests.xctest */,
				5288ECB025552D0A00F3DABA /* ListAppUITests.xctest */,
			);
			name = Products;
			sourceTree = "<group>";
		};
		5288EC9125552D0500F3DABA /* ListApp */ = {
			isa = PBXGroup;
			children = (
				52749E8C2555471400F2A669 /* Controllers */,
				52749E8D2555471400F2A669 /* HelperClasses */,
				5288EC9225552D0500F3DABA /* AppDelegate.swift */,
				5288EC9B25552D0900F3DABA /* Assets.xcassets */,
				5288EC9D25552D0900F3DABA /* LaunchScreen.storyboard */,
				5288ECA025552D0900F3DABA /* Info.plist */,
			);
			path = ListApp;
			sourceTree = "<group>";
		};
		5288ECA825552D0A00F3DABA /* ListAppTests */ = {
			isa = PBXGroup;
			children = (
				5288ECA925552D0A00F3DABA /* ListAppTests.swift */,
				5288ECAB25552D0A00F3DABA /* Info.plist */,
			);
			path = ListAppTests;
			sourceTree = "<group>";
		};
		5288ECB325552D0A00F3DABA /* ListAppUITests */ = {
			isa = PBXGroup;
			children = (
				5288ECB425552D0A00F3DABA /* ListAppUITests.swift */,
				5288ECB625552D0A00F3DABA /* Info.plist */,
			);
			path = ListAppUITests;
			sourceTree = "<group>";
		};
/* End PBXGroup section */

/* Begin PBXNativeTarget section */
		5288EC8E25552D0500F3DABA /* ListApp */ = {
			isa = PBXNativeTarget;
			buildConfigurationList = 5288ECB925552D0A00F3DABA /* Build configuration list for PBXNativeTarget "ListApp" */;
			buildPhases = (
				5288EC8B25552D0500F3DABA /* Sources */,
				5288EC8C25552D0500F3DABA /* Frameworks */,
				5288EC8D25552D0500F3DABA /* Resources */,
			);
			buildRules = (
			);
			dependencies = (
			);
			name = ListApp;
			productName = ListApp;
			productReference = 5288EC8F25552D0500F3DABA /* ListApp.app */;
			productType = "com.apple.product-type.application";
		};
		5288ECA425552D0A00F3DABA /* ListAppTests */ = {
			isa = PBXNativeTarget;
			buildConfigurationList = 5288ECBC25552D0A00F3DABA /* Build configuration list for PBXNativeTarget "ListAppTests" */;
			buildPhases = (
				5288ECA125552D0A00F3DABA /* Sources */,
				5288ECA225552D0A00F3DABA /* Frameworks */,
				5288ECA325552D0A00F3DABA /* Resources */,
			);
			buildRules = (
			);
			dependencies = (
				5288ECA725552D0A00F3DABA /* PBXTargetDependency */,
			);
			name = ListAppTests;
			productName = ListAppTests;
			productReference = 5288ECA525552D0A00F3DABA /* ListAppTests.xctest */;
			productType = "com.apple.product-type.bundle.unit-test";
		};
		5288ECAF25552D0A00F3DABA /* ListAppUITests */ = {
			isa = PBXNativeTarget;
			buildConfigurationList = 5288ECBF25552D0A00F3DABA /* Build configuration list for PBXNativeTarget "ListAppUITests" */;
			buildPhases = (
				5288ECAC25552D0A00F3DABA /* Sources */,
				5288ECAD25552D0A00F3DABA /* Frameworks */,
				5288ECAE25552D0A00F3DABA /* Resources */,
			);
			buildRules = (
			);
			dependencies = (
				5288ECB225552D0A00F3DABA /* PBXTargetDependency */,
			);
			name = ListAppUITests;
			productName = ListAppUITests;
			productReference = 5288ECB025552D0A00F3DABA /* ListAppUITests.xctest */;
			productType = "com.apple.product-type.bundle.ui-testing";
		};
/* End PBXNativeTarget section */

/* Begin PBXProject section */
		5288EC8725552D0500F3DABA /* Project object */ = {
			isa = PBXProject;
			attributes = {
				LastSwiftUpdateCheck = 1140;
				LastUpgradeCheck = 1140;
				ORGANIZATIONNAME = Satya;
				TargetAttributes = {
					5288EC8E25552D0500F3DABA = {
						CreatedOnToolsVersion = 11.4;
					};
					5288ECA425552D0A00F3DABA = {
						CreatedOnToolsVersion = 11.4;
						TestTargetID = 5288EC8E25552D0500F3DABA;
					};
					5288ECAF25552D0A00F3DABA = {
						CreatedOnToolsVersion = 11.4;
						TestTargetID = 5288EC8E25552D0500F3DABA;
					};
				};
			};
			buildConfigurationList = 5288EC8A25552D0500F3DABA /* Build configuration list for PBXProject "ListApp" */;
			compatibilityVersion = "Xcode 9.3";
			developmentRegion = en;
			hasScannedForEncodings = 0;
			knownRegions = (
				en,
				Base,
			);
			mainGroup = 5288EC8625552D0500F3DABA;
			productRefGroup = 5288EC9025552D0500F3DABA /* Products */;
			projectDirPath = "";
			projectRoot = "";
			targets = (
				5288EC8E25552D0500F3DABA /* ListApp */,
				5288ECA425552D0A00F3DABA /* ListAppTests */,
				5288ECAF25552D0A00F3DABA /* ListAppUITests */,
			);
		};
/* End PBXProject section */

/* Begin PBXResourcesBuildPhase section */
		5288EC8D25552D0500F3DABA /* Resources */ = {
			isa = PBXResourcesBuildPhase;
			buildActionMask = 2147483647;
			files = (
				5288EC9F25552D0900F3DABA /* LaunchScreen.storyboard in Resources */,
				5288EC9C25552D0900F3DABA /* Assets.xcassets in Resources */,
			);
			runOnlyForDeploymentPostprocessing = 0;
		};
		5288ECA325552D0A00F3DABA /* Resources */ = {
			isa = PBXResourcesBuildPhase;
			buildActionMask = 2147483647;
			files = (
			);
			runOnlyForDeploymentPostprocessing = 0;
		};
		5288ECAE25552D0A00F3DABA /* Resources */ = {
			isa = PBXResourcesBuildPhase;
			buildActionMask = 2147483647;
			files = (
			);
			runOnlyForDeploymentPostprocessing = 0;
		};
/* End PBXResourcesBuildPhase section */

/* Begin PBXSourcesBuildPhase section */
		5288EC8B25552D0500F3DABA /* Sources */ = {
			isa = PBXSourcesBuildPhase;
			buildActionMask = 2147483647;
			files = (
				52749EAA2555510E00F2A669 /* ListRouter.swift in Sources */,
				52749EA92555510E00F2A669 /* ListWorker.swift in Sources */,
				52749EA72555510E00F2A669 /* ListInteractor.swift in Sources */,
				52749EAB2555510E00F2A669 /* ListModels.swift in Sources */,
				5288EC9325552D0500F3DABA /* AppDelegate.swift in Sources */,
				52749E8F2555472B00F2A669 /* Constants.swift in Sources */,
				52749EA62555510E00F2A669 /* ListViewController.swift in Sources */,
				52749EA82555510E00F2A669 /* ListPresenter.swift in Sources */,
				52749E912555477400F2A669 /* Utility.swift in Sources */,
				52749EAD2555513700F2A669 /* ListTableViewCell.swift in Sources */,
			);
			runOnlyForDeploymentPostprocessing = 0;
		};
		5288ECA125552D0A00F3DABA /* Sources */ = {
			isa = PBXSourcesBuildPhase;
			buildActionMask = 2147483647;
			files = (
				5288ECAA25552D0A00F3DABA /* ListAppTests.swift in Sources */,
			);
			runOnlyForDeploymentPostprocessing = 0;
		};
		5288ECAC25552D0A00F3DABA /* Sources */ = {
			isa = PBXSourcesBuildPhase;
			buildActionMask = 2147483647;
			files = (
				5288ECB525552D0A00F3DABA /* ListAppUITests.swift in Sources */,
			);
			runOnlyForDeploymentPostprocessing = 0;
		};
/* End PBXSourcesBuildPhase section */

/* Begin PBXTargetDependency section */
		5288ECA725552D0A00F3DABA /* PBXTargetDependency */ = {
			isa = PBXTargetDependency;
			target = 5288EC8E25552D0500F3DABA /* ListApp */;
			targetProxy = 5288ECA625552D0A00F3DABA /* PBXContainerItemProxy */;
		};
		5288ECB225552D0A00F3DABA /* PBXTargetDependency */ = {
			isa = PBXTargetDependency;
			target = 5288EC8E25552D0500F3DABA /* ListApp */;
			targetProxy = 5288ECB125552D0A00F3DABA /* PBXContainerItemProxy */;
		};
/* End PBXTargetDependency section */

/* Begin PBXVariantGroup section */
		5288EC9D25552D0900F3DABA /* LaunchScreen.storyboard */ = {
			isa = PBXVariantGroup;
			children = (
				5288EC9E25552D0900F3DABA /* Base */,
			);
			name = LaunchScreen.storyboard;
			sourceTree = "<group>";
		};
/* End PBXVariantGroup section */

/* Begin XCBuildConfiguration section */
		5288ECB725552D0A00F3DABA /* Debug */ = {
			isa = XCBuildConfiguration;
			buildSettings = {
				ALWAYS_SEARCH_USER_PATHS = NO;
				CLANG_ANALYZER_NONNULL = YES;
				CLANG_ANALYZER_NUMBER_OBJECT_CONVERSION = YES_AGGRESSIVE;
				CLANG_CXX_LANGUAGE_STANDARD = "gnu++14";
				CLANG_CXX_LIBRARY = "libc++";
				CLANG_ENABLE_MODULES = YES;
				CLANG_ENABLE_OBJC_ARC = YES;
				CLANG_ENABLE_OBJC_WEAK = YES;
				CLANG_WARN_BLOCK_CAPTURE_AUTORELEASING = YES;
				CLANG_WARN_BOOL_CONVERSION = YES;
				CLANG_WARN_COMMA = YES;
				CLANG_WARN_CONSTANT_CONVERSION = YES;
				CLANG_WARN_DEPRECATED_OBJC_IMPLEMENTATIONS = YES;
				CLANG_WARN_DIRECT_OBJC_ISA_USAGE = YES_ERROR;
				CLANG_WARN_DOCUMENTATION_COMMENTS = YES;
				CLANG_WARN_EMPTY_BODY = YES;
				CLANG_WARN_ENUM_CONVERSION = YES;
				CLANG_WARN_INFINITE_RECURSION = YES;
				CLANG_WARN_INT_CONVERSION = YES;
				CLANG_WARN_NON_LITERAL_NULL_CONVERSION = YES;
				CLANG_WARN_OBJC_IMPLICIT_RETAIN_SELF = YES;
				CLANG_WARN_OBJC_LITERAL_CONVERSION = YES;
				CLANG_WARN_OBJC_ROOT_CLASS = YES_ERROR;
				CLANG_WARN_RANGE_LOOP_ANALYSIS = YES;
				CLANG_WARN_STRICT_PROTOTYPES = YES;
				CLANG_WARN_SUSPICIOUS_MOVE = YES;
				CLANG_WARN_UNGUARDED_AVAILABILITY = YES_AGGRESSIVE;
				CLANG_WARN_UNREACHABLE_CODE = YES;
				CLANG_WARN__DUPLICATE_METHOD_MATCH = YES;
				COPY_PHASE_STRIP = NO;
				DEBUG_INFORMATION_FORMAT = dwarf;
				ENABLE_STRICT_OBJC_MSGSEND = YES;
				ENABLE_TESTABILITY = YES;
				GCC_C_LANGUAGE_STANDARD = gnu11;
				GCC_DYNAMIC_NO_PIC = NO;
				GCC_NO_COMMON_BLOCKS = YES;
				GCC_OPTIMIZATION_LEVEL = 0;
				GCC_PREPROCESSOR_DEFINITIONS = (
					"DEBUG=1",
					"$(inherited)",
				);
				GCC_WARN_64_TO_32_BIT_CONVERSION = YES;
				GCC_WARN_ABOUT_RETURN_TYPE = YES_ERROR;
				GCC_WARN_UNDECLARED_SELECTOR = YES;
				GCC_WARN_UNINITIALIZED_AUTOS = YES_AGGRESSIVE;
				GCC_WARN_UNUSED_FUNCTION = YES;
				GCC_WARN_UNUSED_VARIABLE = YES;
				IPHONEOS_DEPLOYMENT_TARGET = 13.4;
				MTL_ENABLE_DEBUG_INFO = INCLUDE_SOURCE;
				MTL_FAST_MATH = YES;
				ONLY_ACTIVE_ARCH = YES;
				SDKROOT = iphoneos;
				SWIFT_ACTIVE_COMPILATION_CONDITIONS = DEBUG;
				SWIFT_OPTIMIZATION_LEVEL = "-Onone";
			};
			name = Debug;
		};
		5288ECB825552D0A00F3DABA /* Release */ = {
			isa = XCBuildConfiguration;
			buildSettings = {
				ALWAYS_SEARCH_USER_PATHS = NO;
				CLANG_ANALYZER_NONNULL = YES;
				CLANG_ANALYZER_NUMBER_OBJECT_CONVERSION = YES_AGGRESSIVE;
				CLANG_CXX_LANGUAGE_STANDARD = "gnu++14";
				CLANG_CXX_LIBRARY = "libc++";
				CLANG_ENABLE_MODULES = YES;
				CLANG_ENABLE_OBJC_ARC = YES;
				CLANG_ENABLE_OBJC_WEAK = YES;
				CLANG_WARN_BLOCK_CAPTURE_AUTORELEASING = YES;
				CLANG_WARN_BOOL_CONVERSION = YES;
				CLANG_WARN_COMMA = YES;
				CLANG_WARN_CONSTANT_CONVERSION = YES;
				CLANG_WARN_DEPRECATED_OBJC_IMPLEMENTATIONS = YES;
				CLANG_WARN_DIRECT_OBJC_ISA_USAGE = YES_ERROR;
				CLANG_WARN_DOCUMENTATION_COMMENTS = YES;
				CLANG_WARN_EMPTY_BODY = YES;
				CLANG_WARN_ENUM_CONVERSION = YES;
				CLANG_WARN_INFINITE_RECURSION = YES;
				CLANG_WARN_INT_CONVERSION = YES;
				CLANG_WARN_NON_LITERAL_NULL_CONVERSION = YES;
				CLANG_WARN_OBJC_IMPLICIT_RETAIN_SELF = YES;
				CLANG_WARN_OBJC_LITERAL_CONVERSION = YES;
				CLANG_WARN_OBJC_ROOT_CLASS = YES_ERROR;
				CLANG_WARN_RANGE_LOOP_ANALYSIS = YES;
				CLANG_WARN_STRICT_PROTOTYPES = YES;
				CLANG_WARN_SUSPICIOUS_MOVE = YES;
				CLANG_WARN_UNGUARDED_AVAILABILITY = YES_AGGRESSIVE;
				CLANG_WARN_UNREACHABLE_CODE = YES;
				CLANG_WARN__DUPLICATE_METHOD_MATCH = YES;
				COPY_PHASE_STRIP = NO;
				DEBUG_INFORMATION_FORMAT = "dwarf-with-dsym";
				ENABLE_NS_ASSERTIONS = NO;
				ENABLE_STRICT_OBJC_MSGSEND = YES;
				GCC_C_LANGUAGE_STANDARD = gnu11;
				GCC_NO_COMMON_BLOCKS = YES;
				GCC_WARN_64_TO_32_BIT_CONVERSION = YES;
				GCC_WARN_ABOUT_RETURN_TYPE = YES_ERROR;
				GCC_WARN_UNDECLARED_SELECTOR = YES;
				GCC_WARN_UNINITIALIZED_AUTOS = YES_AGGRESSIVE;
				GCC_WARN_UNUSED_FUNCTION = YES;
				GCC_WARN_UNUSED_VARIABLE = YES;
				IPHONEOS_DEPLOYMENT_TARGET = 13.4;
				MTL_ENABLE_DEBUG_INFO = NO;
				MTL_FAST_MATH = YES;
				SDKROOT = iphoneos;
				SWIFT_COMPILATION_MODE = wholemodule;
				SWIFT_OPTIMIZATION_LEVEL = "-O";
				VALIDATE_PRODUCT = YES;
			};
			name = Release;
		};
		5288ECBA25552D0A00F3DABA /* Debug */ = {
			isa = XCBuildConfiguration;
			buildSettings = {
				ASSETCATALOG_COMPILER_APPICON_NAME = AppIcon;
				CODE_SIGN_STYLE = Automatic;
				INFOPLIST_FILE = ListApp/Info.plist;
				IPHONEOS_DEPLOYMENT_TARGET = 11.0;
				LD_RUNPATH_SEARCH_PATHS = (
					"$(inherited)",
					"@executable_path/Frameworks",
				);
				PRODUCT_BUNDLE_IDENTIFIER = satya.com.ListApp;
				PRODUCT_NAME = "$(TARGET_NAME)";
				SWIFT_VERSION = 4.2;
				TARGETED_DEVICE_FAMILY = "1,2";
			};
			name = Debug;
		};
		5288ECBB25552D0A00F3DABA /* Release */ = {
			isa = XCBuildConfiguration;
			buildSettings = {
				ASSETCATALOG_COMPILER_APPICON_NAME = AppIcon;
				CODE_SIGN_STYLE = Automatic;
				INFOPLIST_FILE = ListApp/Info.plist;
				IPHONEOS_DEPLOYMENT_TARGET = 11.0;
				LD_RUNPATH_SEARCH_PATHS = (
					"$(inherited)",
					"@executable_path/Frameworks",
				);
				PRODUCT_BUNDLE_IDENTIFIER = satya.com.ListApp;
				PRODUCT_NAME = "$(TARGET_NAME)";
				SWIFT_VERSION = 4.2;
				TARGETED_DEVICE_FAMILY = "1,2";
			};
			name = Release;
		};
		5288ECBD25552D0A00F3DABA /* Debug */ = {
			isa = XCBuildConfiguration;
			buildSettings = {
				ALWAYS_EMBED_SWIFT_STANDARD_LIBRARIES = YES;
				BUNDLE_LOADER = "$(TEST_HOST)";
				CODE_SIGN_STYLE = Automatic;
				INFOPLIST_FILE = ListAppTests/Info.plist;
				IPHONEOS_DEPLOYMENT_TARGET = 13.4;
				LD_RUNPATH_SEARCH_PATHS = (
					"$(inherited)",
					"@executable_path/Frameworks",
					"@loader_path/Frameworks",
				);
				PRODUCT_BUNDLE_IDENTIFIER = satya.com.ListAppTests;
				PRODUCT_NAME = "$(TARGET_NAME)";
				SWIFT_VERSION = 5.0;
				TARGETED_DEVICE_FAMILY = "1,2";
				TEST_HOST = "$(BUILT_PRODUCTS_DIR)/ListApp.app/ListApp";
			};
			name = Debug;
		};
		5288ECBE25552D0A00F3DABA /* Release */ = {
			isa = XCBuildConfiguration;
			buildSettings = {
				ALWAYS_EMBED_SWIFT_STANDARD_LIBRARIES = YES;
				BUNDLE_LOADER = "$(TEST_HOST)";
				CODE_SIGN_STYLE = Automatic;
				INFOPLIST_FILE = ListAppTests/Info.plist;
				IPHONEOS_DEPLOYMENT_TARGET = 13.4;
				LD_RUNPATH_SEARCH_PATHS = (
					"$(inherited)",
					"@executable_path/Frameworks",
					"@loader_path/Frameworks",
				);
				PRODUCT_BUNDLE_IDENTIFIER = satya.com.ListAppTests;
				PRODUCT_NAME = "$(TARGET_NAME)";
				SWIFT_VERSION = 5.0;
				TARGETED_DEVICE_FAMILY = "1,2";
				TEST_HOST = "$(BUILT_PRODUCTS_DIR)/ListApp.app/ListApp";
			};
			name = Release;
		};
		5288ECC025552D0A00F3DABA /* Debug */ = {
			isa = XCBuildConfiguration;
			buildSettings = {
				ALWAYS_EMBED_SWIFT_STANDARD_LIBRARIES = YES;
				CODE_SIGN_STYLE = Automatic;
				INFOPLIST_FILE = ListAppUITests/Info.plist;
				LD_RUNPATH_SEARCH_PATHS = (
					"$(inherited)",
					"@executable_path/Frameworks",
					"@loader_path/Frameworks",
				);
				PRODUCT_BUNDLE_IDENTIFIER = satya.com.ListAppUITests;
				PRODUCT_NAME = "$(TARGET_NAME)";
				SWIFT_VERSION = 5.0;
				TARGETED_DEVICE_FAMILY = "1,2";
				TEST_TARGET_NAME = ListApp;
			};
			name = Debug;
		};
		5288ECC125552D0A00F3DABA /* Release */ = {
			isa = XCBuildConfiguration;
			buildSettings = {
				ALWAYS_EMBED_SWIFT_STANDARD_LIBRARIES = YES;
				CODE_SIGN_STYLE = Automatic;
				INFOPLIST_FILE = ListAppUITests/Info.plist;
				LD_RUNPATH_SEARCH_PATHS = (
					"$(inherited)",
					"@executable_path/Frameworks",
					"@loader_path/Frameworks",
				);
				PRODUCT_BUNDLE_IDENTIFIER = satya.com.ListAppUITests;
				PRODUCT_NAME = "$(TARGET_NAME)";
				SWIFT_VERSION = 5.0;
				TARGETED_DEVICE_FAMILY = "1,2";
				TEST_TARGET_NAME = ListApp;
			};
			name = Release;
		};
/* End XCBuildConfiguration section */

/* Begin XCConfigurationList section */
		5288EC8A25552D0500F3DABA /* Build configuration list for PBXProject "ListApp" */ = {
			isa = XCConfigurationList;
			buildConfigurations = (
				5288ECB725552D0A00F3DABA /* Debug */,
				5288ECB825552D0A00F3DABA /* Release */,
			);
			defaultConfigurationIsVisible = 0;
			defaultConfigurationName = Release;
		};
		5288ECB925552D0A00F3DABA /* Build configuration list for PBXNativeTarget "ListApp" */ = {
			isa = XCConfigurationList;
			buildConfigurations = (
				5288ECBA25552D0A00F3DABA /* Debug */,
				5288ECBB25552D0A00F3DABA /* Release */,
			);
			defaultConfigurationIsVisible = 0;
			defaultConfigurationName = Release;
		};
		5288ECBC25552D0A00F3DABA /* Build configuration list for PBXNativeTarget "ListAppTests" */ = {
			isa = XCConfigurationList;
			buildConfigurations = (
				5288ECBD25552D0A00F3DABA /* Debug */,
				5288ECBE25552D0A00F3DABA /* Release */,
			);
			defaultConfigurationIsVisible = 0;
			defaultConfigurationName = Release;
		};
		5288ECBF25552D0A00F3DABA /* Build configuration list for PBXNativeTarget "ListAppUITests" */ = {
			isa = XCConfigurationList;
			buildConfigurations = (
				5288ECC025552D0A00F3DABA /* Debug */,
				5288ECC125552D0A00F3DABA /* Release */,
			);
			defaultConfigurationIsVisible = 0;
			defaultConfigurationName = Release;
		};
/* End XCConfigurationList section */
	};
	rootObject = 5288EC8725552D0500F3DABA /* Project object */;
}
